
Microsoft Visual Studio Solution File, Format Version 12.00
# Visual Studio Version 16
VisualStudioVersion = 16.0.28922.388
MinimumVisualStudioVersion = 10.0.40219.1
Project("{FAE04EC0-301F-11D3-BF4B-00C04F79EFBC}") = "clawPDF", "clawPDF\clawPDF.csproj", "{28A624EA-10C1-4178-BB3A-6A2BB6AA159D}"
EndProject
Project("{FAE04EC0-301F-11D3-BF4B-00C04F79EFBC}") = "clawPDF.Core", "clawPDF.Core\clawPDF.Core.csproj", "{18354054-45F6-4F51-8730-D05643A400A3}"
EndProject
Project("{FAE04EC0-301F-11D3-BF4B-00C04F79EFBC}") = "clawPDF.Utilities", "clawPDF.Utilities\clawPDF.Utilities.csproj", "{EA29538B-89A5-4FB3-AE0F-5E2370E852F8}"
EndProject
Project("{FAE04EC0-301F-11D3-BF4B-00C04F79EFBC}") = "SetupHelper", "SetupHelper\SetupHelper.csproj", "{4BBD6F42-9111-4452-A2C1-9E02F65592D2}"
EndProject
Project("{FAE04EC0-301F-11D3-BF4B-00C04F79EFBC}") = "PDFProcessing", "PDFProcessor\PDFProcessing.csproj", "{35CB4221-E0FF-46AB-B30C-A414095821AC}"
EndProject
Project("{FAE04EC0-301F-11D3-BF4B-00C04F79EFBC}") = "clawPDF.Settings", "clawPDF.Settings\clawPDF.Settings.csproj", "{94936199-C9C7-4A5F-A58E-6123158E84F3}"
EndProject
Project("{FAE04EC0-301F-11D3-BF4B-00C04F79EFBC}") = "clawPDF.Mail", "clawPDF.Mail\clawPDF.Mail.csproj", "{884D14EB-6D78-41D8-B022-968209DD6CE4}"
EndProject
Project("{FAE04EC0-301F-11D3-BF4B-00C04F79EFBC}") = "clawPDF.Shared", "clawPDF.Shared\clawPDF.Shared.csproj", "{6D3F11F7-2163-40FF-BAB7-9970A297ED47}"
EndProject
Project("{FAE04EC0-301F-11D3-BF4B-00C04F79EFBC}") = "ftplib", "ftplib\ftplib.csproj", "{79B8051D-505D-49B4-82D8-9951F204CEB6}"
EndProject
Project("{8BC9CEB8-8B4A-11D0-8D11-00A0C91BC942}") = "clawmon", "clawmon\monitor\clawmon.vcxproj", "{BAF9FBEC-17EC-4130-ACF4-DCC99F0A0B75}"
EndProject
Project("{8BC9CEB8-8B4A-11D0-8D11-00A0C91BC942}") = "clawmonui", "clawmon\monitorUI\clawmonui.vcxproj", "{0437D45F-B95F-4A46-BFCA-5BBD77B8FBBC}"
EndProject
Project("{54435603-DBB4-11D2-8724-00A0C9A8B90C}") = "clawPDF_setup", "clawPDF_setup\clawPDF_setup.vdproj", "{51C49DE3-1FA6-4C2E-8409-CB6D9FC79B76}"
EndProject
Project("{FAE04EC0-301F-11D3-BF4B-00C04F79EFBC}") = "clawPDF.Bridge", "clawPDF.Bridge\clawPDF.Bridge.csproj", "{004B582A-0CDC-4E19-9DB2-AF83506A4460}"
EndProject
Global
	GlobalSection(SolutionConfigurationPlatforms) = preSolution
		Debug|Any CPU = Debug|Any CPU
		Debug|Win32 = Debug|Win32
		Debug|x64 = Debug|x64
		Release|Any CPU = Release|Any CPU
		Release|Win32 = Release|Win32
		Release|x64 = Release|x64
	EndGlobalSection
	GlobalSection(ProjectConfigurationPlatforms) = postSolution
		{28A624EA-10C1-4178-BB3A-6A2BB6AA159D}.Debug|Any CPU.ActiveCfg = Debug|Any CPU
		{28A624EA-10C1-4178-BB3A-6A2BB6AA159D}.Debug|Any CPU.Build.0 = Debug|Any CPU
		{28A624EA-10C1-4178-BB3A-6A2BB6AA159D}.Debug|Win32.ActiveCfg = Debug|x86
		{28A624EA-10C1-4178-BB3A-6A2BB6AA159D}.Debug|Win32.Build.0 = Debug|x86
		{28A624EA-10C1-4178-BB3A-6A2BB6AA159D}.Debug|x64.ActiveCfg = Debug|Any CPU
		{28A624EA-10C1-4178-BB3A-6A2BB6AA159D}.Debug|x64.Build.0 = Debug|Any CPU
		{28A624EA-10C1-4178-BB3A-6A2BB6AA159D}.Release|Any CPU.ActiveCfg = Release|Any CPU
		{28A624EA-10C1-4178-BB3A-6A2BB6AA159D}.Release|Any CPU.Build.0 = Release|Any CPU
		{28A624EA-10C1-4178-BB3A-6A2BB6AA159D}.Release|Any CPU.Deploy.0 = Release|Any CPU
		{28A624EA-10C1-4178-BB3A-6A2BB6AA159D}.Release|Win32.ActiveCfg = Release|x86
		{28A624EA-10C1-4178-BB3A-6A2BB6AA159D}.Release|Win32.Build.0 = Release|x86
		{28A624EA-10C1-4178-BB3A-6A2BB6AA159D}.Release|x64.ActiveCfg = Release|Any CPU
		{28A624EA-10C1-4178-BB3A-6A2BB6AA159D}.Release|x64.Build.0 = Release|Any CPU
		{18354054-45F6-4F51-8730-D05643A400A3}.Debug|Any CPU.ActiveCfg = Debug|Any CPU
		{18354054-45F6-4F51-8730-D05643A400A3}.Debug|Any CPU.Build.0 = Debug|Any CPU
		{18354054-45F6-4F51-8730-D05643A400A3}.Debug|Win32.ActiveCfg = Debug|Any CPU
		{18354054-45F6-4F51-8730-D05643A400A3}.Debug|Win32.Build.0 = Debug|Any CPU
		{18354054-45F6-4F51-8730-D05643A400A3}.Debug|x64.ActiveCfg = Debug|Any CPU
		{18354054-45F6-4F51-8730-D05643A400A3}.Debug|x64.Build.0 = Debug|Any CPU
		{18354054-45F6-4F51-8730-D05643A400A3}.Release|Any CPU.ActiveCfg = Release|Any CPU
		{18354054-45F6-4F51-8730-D05643A400A3}.Release|Any CPU.Build.0 = Release|Any CPU
		{18354054-45F6-4F51-8730-D05643A400A3}.Release|Win32.ActiveCfg = Release|Any CPU
		{18354054-45F6-4F51-8730-D05643A400A3}.Release|Win32.Build.0 = Release|Any CPU
		{18354054-45F6-4F51-8730-D05643A400A3}.Release|x64.ActiveCfg = Release|Any CPU
		{18354054-45F6-4F51-8730-D05643A400A3}.Release|x64.Build.0 = Release|Any CPU
		{EA29538B-89A5-4FB3-AE0F-5E2370E852F8}.Debug|Any CPU.ActiveCfg = Debug|Any CPU
		{EA29538B-89A5-4FB3-AE0F-5E2370E852F8}.Debug|Any CPU.Build.0 = Debug|Any CPU
		{EA29538B-89A5-4FB3-AE0F-5E2370E852F8}.Debug|Win32.ActiveCfg = Debug|Any CPU
		{EA29538B-89A5-4FB3-AE0F-5E2370E852F8}.Debug|Win32.Build.0 = Debug|Any CPU
		{EA29538B-89A5-4FB3-AE0F-5E2370E852F8}.Debug|x64.ActiveCfg = Debug|Any CPU
		{EA29538B-89A5-4FB3-AE0F-5E2370E852F8}.Debug|x64.Build.0 = Debug|Any CPU
		{EA29538B-89A5-4FB3-AE0F-5E2370E852F8}.Release|Any CPU.ActiveCfg = Release|Any CPU
		{EA29538B-89A5-4FB3-AE0F-5E2370E852F8}.Release|Any CPU.Build.0 = Release|Any CPU
		{EA29538B-89A5-4FB3-AE0F-5E2370E852F8}.Release|Win32.ActiveCfg = Release|Any CPU
		{EA29538B-89A5-4FB3-AE0F-5E2370E852F8}.Release|Win32.Build.0 = Release|Any CPU
		{EA29538B-89A5-4FB3-AE0F-5E2370E852F8}.Release|x64.ActiveCfg = Release|Any CPU
		{EA29538B-89A5-4FB3-AE0F-5E2370E852F8}.Release|x64.Build.0 = Release|Any CPU
		{4BBD6F42-9111-4452-A2C1-9E02F65592D2}.Debug|Any CPU.ActiveCfg = Debug|Any CPU
		{4BBD6F42-9111-4452-A2C1-9E02F65592D2}.Debug|Any CPU.Build.0 = Debug|Any CPU
		{4BBD6F42-9111-4452-A2C1-9E02F65592D2}.Debug|Win32.ActiveCfg = Debug|x86
		{4BBD6F42-9111-4452-A2C1-9E02F65592D2}.Debug|Win32.Build.0 = Debug|x86
		{4BBD6F42-9111-4452-A2C1-9E02F65592D2}.Debug|x64.ActiveCfg = Debug|Any CPU
		{4BBD6F42-9111-4452-A2C1-9E02F65592D2}.Debug|x64.Build.0 = Debug|Any CPU
		{4BBD6F42-9111-4452-A2C1-9E02F65592D2}.Release|Any CPU.ActiveCfg = Release|Any CPU
		{4BBD6F42-9111-4452-A2C1-9E02F65592D2}.Release|Any CPU.Build.0 = Release|Any CPU
		{4BBD6F42-9111-4452-A2C1-9E02F65592D2}.Release|Win32.ActiveCfg = Release|x86
		{4BBD6F42-9111-4452-A2C1-9E02F65592D2}.Release|Win32.Build.0 = Release|x86
		{4BBD6F42-9111-4452-A2C1-9E02F65592D2}.Release|x64.ActiveCfg = Release|Any CPU
		{4BBD6F42-9111-4452-A2C1-9E02F65592D2}.Release|x64.Build.0 = Release|Any CPU
		{35CB4221-E0FF-46AB-B30C-A414095821AC}.Debug|Any CPU.ActiveCfg = Debug|Any CPU
		{35CB4221-E0FF-46AB-B30C-A414095821AC}.Debug|Any CPU.Build.0 = Debug|Any CPU
		{35CB4221-E0FF-46AB-B30C-A414095821AC}.Debug|Win32.ActiveCfg = Debug|Any CPU
		{35CB4221-E0FF-46AB-B30C-A414095821AC}.Debug|Win32.Build.0 = Debug|Any CPU
		{35CB4221-E0FF-46AB-B30C-A414095821AC}.Debug|x64.ActiveCfg = Debug|Any CPU
		{35CB4221-E0FF-46AB-B30C-A414095821AC}.Debug|x64.Build.0 = Debug|Any CPU
		{35CB4221-E0FF-46AB-B30C-A414095821AC}.Release|Any CPU.ActiveCfg = Release|Any CPU
		{35CB4221-E0FF-46AB-B30C-A414095821AC}.Release|Any CPU.Build.0 = Release|Any CPU
		{35CB4221-E0FF-46AB-B30C-A414095821AC}.Release|Win32.ActiveCfg = Release|Any CPU
		{35CB4221-E0FF-46AB-B30C-A414095821AC}.Release|Win32.Build.0 = Release|Any CPU
		{35CB4221-E0FF-46AB-B30C-A414095821AC}.Release|x64.ActiveCfg = Release|Any CPU
		{35CB4221-E0FF-46AB-B30C-A414095821AC}.Release|x64.Build.0 = Release|Any CPU
		{94936199-C9C7-4A5F-A58E-6123158E84F3}.Debug|Any CPU.ActiveCfg = Debug|Any CPU
		{94936199-C9C7-4A5F-A58E-6123158E84F3}.Debug|Any CPU.Build.0 = Debug|Any CPU
		{94936199-C9C7-4A5F-A58E-6123158E84F3}.Debug|Win32.ActiveCfg = Debug|Any CPU
		{94936199-C9C7-4A5F-A58E-6123158E84F3}.Debug|Win32.Build.0 = Debug|Any CPU
		{94936199-C9C7-4A5F-A58E-6123158E84F3}.Debug|x64.ActiveCfg = Debug|Any CPU
		{94936199-C9C7-4A5F-A58E-6123158E84F3}.Debug|x64.Build.0 = Debug|Any CPU
		{94936199-C9C7-4A5F-A58E-6123158E84F3}.Release|Any CPU.ActiveCfg = Release|Any CPU
		{94936199-C9C7-4A5F-A58E-6123158E84F3}.Release|Any CPU.Build.0 = Release|Any CPU
		{94936199-C9C7-4A5F-A58E-6123158E84F3}.Release|Win32.ActiveCfg = Release|Any CPU
		{94936199-C9C7-4A5F-A58E-6123158E84F3}.Release|Win32.Build.0 = Release|Any CPU
		{94936199-C9C7-4A5F-A58E-6123158E84F3}.Release|x64.ActiveCfg = Release|Any CPU
		{94936199-C9C7-4A5F-A58E-6123158E84F3}.Release|x64.Build.0 = Release|Any CPU
		{884D14EB-6D78-41D8-B022-968209DD6CE4}.Debug|Any CPU.ActiveCfg = Debug|Any CPU
		{884D14EB-6D78-41D8-B022-968209DD6CE4}.Debug|Any CPU.Build.0 = Debug|Any CPU
		{884D14EB-6D78-41D8-B022-968209DD6CE4}.Debug|Win32.ActiveCfg = Debug|Any CPU
		{884D14EB-6D78-41D8-B022-968209DD6CE4}.Debug|Win32.Build.0 = Debug|Any CPU
		{884D14EB-6D78-41D8-B022-968209DD6CE4}.Debug|x64.ActiveCfg = Debug|Any CPU
		{884D14EB-6D78-41D8-B022-968209DD6CE4}.Debug|x64.Build.0 = Debug|Any CPU
		{884D14EB-6D78-41D8-B022-968209DD6CE4}.Release|Any CPU.ActiveCfg = Release|Any CPU
		{884D14EB-6D78-41D8-B022-968209DD6CE4}.Release|Any CPU.Build.0 = Release|Any CPU
		{884D14EB-6D78-41D8-B022-968209DD6CE4}.Release|Win32.ActiveCfg = Release|Any CPU
		{884D14EB-6D78-41D8-B022-968209DD6CE4}.Release|Win32.Build.0 = Release|Any CPU
		{884D14EB-6D78-41D8-B022-968209DD6CE4}.Release|x64.ActiveCfg = Release|Any CPU
		{884D14EB-6D78-41D8-B022-968209DD6CE4}.Release|x64.Build.0 = Release|Any CPU
		{6D3F11F7-2163-40FF-BAB7-9970A297ED47}.Debug|Any CPU.ActiveCfg = Debug|Any CPU
		{6D3F11F7-2163-40FF-BAB7-9970A297ED47}.Debug|Any CPU.Build.0 = Debug|Any CPU
		{6D3F11F7-2163-40FF-BAB7-9970A297ED47}.Debug|Win32.ActiveCfg = Debug|Any CPU
		{6D3F11F7-2163-40FF-BAB7-9970A297ED47}.Debug|Win32.Build.0 = Debug|Any CPU
		{6D3F11F7-2163-40FF-BAB7-9970A297ED47}.Debug|x64.ActiveCfg = Debug|Any CPU
		{6D3F11F7-2163-40FF-BAB7-9970A297ED47}.Debug|x64.Build.0 = Debug|Any CPU
		{6D3F11F7-2163-40FF-BAB7-9970A297ED47}.Release|Any CPU.ActiveCfg = Release|Any CPU
		{6D3F11F7-2163-40FF-BAB7-9970A297ED47}.Release|Any CPU.Build.0 = Release|Any CPU
		{6D3F11F7-2163-40FF-BAB7-9970A297ED47}.Release|Win32.ActiveCfg = Release|Any CPU
		{6D3F11F7-2163-40FF-BAB7-9970A297ED47}.Release|Win32.Build.0 = Release|Any CPU
		{6D3F11F7-2163-40FF-BAB7-9970A297ED47}.Release|x64.ActiveCfg = Release|Any CPU
		{6D3F11F7-2163-40FF-BAB7-9970A297ED47}.Release|x64.Build.0 = Release|Any CPU
		{79B8051D-505D-49B4-82D8-9951F204CEB6}.Debug|Any CPU.ActiveCfg = Debug|Any CPU
		{79B8051D-505D-49B4-82D8-9951F204CEB6}.Debug|Any CPU.Build.0 = Debug|Any CPU
		{79B8051D-505D-49B4-82D8-9951F204CEB6}.Debug|Win32.ActiveCfg = Debug|Any CPU
		{79B8051D-505D-49B4-82D8-9951F204CEB6}.Debug|Win32.Build.0 = Debug|Any CPU
		{79B8051D-505D-49B4-82D8-9951F204CEB6}.Debug|x64.ActiveCfg = Debug|Any CPU
		{79B8051D-505D-49B4-82D8-9951F204CEB6}.Debug|x64.Build.0 = Debug|Any CPU
		{79B8051D-505D-49B4-82D8-9951F204CEB6}.Release|Any CPU.ActiveCfg = Release|Any CPU
		{79B8051D-505D-49B4-82D8-9951F204CEB6}.Release|Any CPU.Build.0 = Release|Any CPU
		{79B8051D-505D-49B4-82D8-9951F204CEB6}.Release|Win32.ActiveCfg = Release|Any CPU
		{79B8051D-505D-49B4-82D8-9951F204CEB6}.Release|Win32.Build.0 = Release|Any CPU
		{79B8051D-505D-49B4-82D8-9951F204CEB6}.Release|x64.ActiveCfg = Release|Any CPU
		{79B8051D-505D-49B4-82D8-9951F204CEB6}.Release|x64.Build.0 = Release|Any CPU
		{BAF9FBEC-17EC-4130-ACF4-DCC99F0A0B75}.Debug|Any CPU.ActiveCfg = Debug|x64
		{BAF9FBEC-17EC-4130-ACF4-DCC99F0A0B75}.Debug|Any CPU.Build.0 = Debug|x64
		{BAF9FBEC-17EC-4130-ACF4-DCC99F0A0B75}.Debug|Win32.ActiveCfg = Debug|Win32
		{BAF9FBEC-17EC-4130-ACF4-DCC99F0A0B75}.Debug|Win32.Build.0 = Debug|Win32
		{BAF9FBEC-17EC-4130-ACF4-DCC99F0A0B75}.Debug|x64.ActiveCfg = Debug|x64
		{BAF9FBEC-17EC-4130-ACF4-DCC99F0A0B75}.Debug|x64.Build.0 = Debug|x64
		{BAF9FBEC-17EC-4130-ACF4-DCC99F0A0B75}.Release|Any CPU.ActiveCfg = Release|Win32
		{BAF9FBEC-17EC-4130-ACF4-DCC99F0A0B75}.Release|Any CPU.Build.0 = Release|Win32
		{BAF9FBEC-17EC-4130-ACF4-DCC99F0A0B75}.Release|Win32.ActiveCfg = Release|Win32
		{BAF9FBEC-17EC-4130-ACF4-DCC99F0A0B75}.Release|Win32.Build.0 = Release|Win32
		{BAF9FBEC-17EC-4130-ACF4-DCC99F0A0B75}.Release|x64.ActiveCfg = Release|x64
		{BAF9FBEC-17EC-4130-ACF4-DCC99F0A0B75}.Release|x64.Build.0 = Release|x64
		{0437D45F-B95F-4A46-BFCA-5BBD77B8FBBC}.Debug|Any CPU.ActiveCfg = Debug|x64
		{0437D45F-B95F-4A46-BFCA-5BBD77B8FBBC}.Debug|Any CPU.Build.0 = Debug|x64
		{0437D45F-B95F-4A46-BFCA-5BBD77B8FBBC}.Debug|Win32.ActiveCfg = Debug|Win32
		{0437D45F-B95F-4A46-BFCA-5BBD77B8FBBC}.Debug|Win32.Build.0 = Debug|Win32
		{0437D45F-B95F-4A46-BFCA-5BBD77B8FBBC}.Debug|x64.ActiveCfg = Debug|x64
		{0437D45F-B95F-4A46-BFCA-5BBD77B8FBBC}.Debug|x64.Build.0 = Debug|x64
		{0437D45F-B95F-4A46-BFCA-5BBD77B8FBBC}.Release|Any CPU.ActiveCfg = Release|Win32
		{0437D45F-B95F-4A46-BFCA-5BBD77B8FBBC}.Release|Any CPU.Build.0 = Release|Win32
		{0437D45F-B95F-4A46-BFCA-5BBD77B8FBBC}.Release|Win32.ActiveCfg = Release|Win32
		{0437D45F-B95F-4A46-BFCA-5BBD77B8FBBC}.Release|Win32.Build.0 = Release|Win32
		{0437D45F-B95F-4A46-BFCA-5BBD77B8FBBC}.Release|x64.ActiveCfg = Release|x64
		{0437D45F-B95F-4A46-BFCA-5BBD77B8FBBC}.Release|x64.Build.0 = Release|x64
		{51C49DE3-1FA6-4C2E-8409-CB6D9FC79B76}.Debug|Any CPU.ActiveCfg = Debug
		{51C49DE3-1FA6-4C2E-8409-CB6D9FC79B76}.Debug|Win32.ActiveCfg = Debug
		{51C49DE3-1FA6-4C2E-8409-CB6D9FC79B76}.Debug|x64.ActiveCfg = Debug
		{51C49DE3-1FA6-4C2E-8409-CB6D9FC79B76}.Release|Any CPU.ActiveCfg = Release
		{51C49DE3-1FA6-4C2E-8409-CB6D9FC79B76}.Release|Win32.ActiveCfg = Release
		{51C49DE3-1FA6-4C2E-8409-CB6D9FC79B76}.Release|x64.ActiveCfg = Release
		{004B582A-0CDC-4E19-9DB2-AF83506A4460}.Debug|Any CPU.ActiveCfg = Debug|Any CPU
		{004B582A-0CDC-4E19-9DB2-AF83506A4460}.Debug|Any CPU.Build.0 = Debug|Any CPU
		{004B582A-0CDC-4E19-9DB2-AF83506A4460}.Debug|Win32.ActiveCfg = Debug|Any CPU
		{004B582A-0CDC-4E19-9DB2-AF83506A4460}.Debug|Win32.Build.0 = Debug|Any CPU
		{004B582A-0CDC-4E19-9DB2-AF83506A4460}.Debug|x64.ActiveCfg = Debug|Any CPU
		{004B582A-0CDC-4E19-9DB2-AF83506A4460}.Debug|x64.Build.0 = Debug|Any CPU
		{004B582A-0CDC-4E19-9DB2-AF83506A4460}.Release|Any CPU.ActiveCfg = Release|Any CPU
		{004B582A-0CDC-4E19-9DB2-AF83506A4460}.Release|Any CPU.Build.0 = Release|Any CPU
		{004B582A-0CDC-4E19-9DB2-AF83506A4460}.Release|Win32.ActiveCfg = Release|Any CPU
		{004B582A-0CDC-4E19-9DB2-AF83506A4460}.Release|Win32.Build.0 = Release|Any CPU
		{004B582A-0CDC-4E19-9DB2-AF83506A4460}.Release|x64.ActiveCfg = Release|Any CPU
		{004B582A-0CDC-4E19-9DB2-AF83506A4460}.Release|x64.Build.0 = Release|Any CPU
	EndGlobalSection
	GlobalSection(SolutionProperties) = preSolution
		HideSolutionNode = FALSE
	EndGlobalSection
	GlobalSection(ExtensibilityGlobals) = postSolution
		SolutionGuid = {9E1EDC79-B996-4708-828F-773DA0A7AD09}
	EndGlobalSection
EndGlobal
