
Microsoft Visual Studio Solution File, Format Version 12.00
# Visual Studio Version 17
VisualStudioVersion = 17.6.33513.286
MinimumVisualStudioVersion = 15.0.28307.168
Project("{FAE04EC0-301F-11D3-BF4B-00C04F79EFBC}") = "SystemWrapper", "SystemWrapper\SystemWrapper.csproj", "{B8DEECE0-6074-47C2-9AF4-123EE324D212}"
EndProject
Project("{FAE04EC0-301F-11D3-BF4B-00C04F79EFBC}") = "SystemInterface", "SystemInterface\SystemInterface.csproj", "{6634E69D-1B08-4D6B-8C2F-5F88EBDE53B4}"
EndProject
Project("{2150E333-8FDC-42A3-9474-1A3956D46DE8}") = "Build", "Build", "{492E26B9-DAD8-4883-809B-5B6E0D49C6EA}"
	ProjectSection(SolutionItems) = preProject
		Build\AssemblySharedInfo.cs = Build\AssemblySharedInfo.cs
	EndProjectSection
EndProject
Project("{2150E333-8FDC-42A3-9474-1A3956D46DE8}") = "Solution Items", "Solution Items", "{50258B12-AECB-4BAF-9FE2-C4A3AACA249F}"
	ProjectSection(SolutionItems) = preProject
		Rebracer.xml = Rebracer.xml
	EndProjectSection
EndProject
Global
	GlobalSection(SolutionConfigurationPlatforms) = preSolution
		Debug|Any CPU = Debug|Any CPU
		Release|Any CPU = Release|Any CPU
	EndGlobalSection
	GlobalSection(ProjectConfigurationPlatforms) = postSolution
		{B8DEECE0-6074-47C2-9AF4-123EE324D212}.Debug|Any CPU.ActiveCfg = Debug|Any CPU
		{B8DEECE0-6074-47C2-9AF4-123EE324D212}.Debug|Any CPU.Build.0 = Debug|Any CPU
		{B8DEECE0-6074-47C2-9AF4-123EE324D212}.Release|Any CPU.ActiveCfg = Release|Any CPU
		{B8DEECE0-6074-47C2-9AF4-123EE324D212}.Release|Any CPU.Build.0 = Release|Any CPU
		{6634E69D-1B08-4D6B-8C2F-5F88EBDE53B4}.Debug|Any CPU.ActiveCfg = Debug|Any CPU
		{6634E69D-1B08-4D6B-8C2F-5F88EBDE53B4}.Debug|Any CPU.Build.0 = Debug|Any CPU
		{6634E69D-1B08-4D6B-8C2F-5F88EBDE53B4}.Release|Any CPU.ActiveCfg = Release|Any CPU
		{6634E69D-1B08-4D6B-8C2F-5F88EBDE53B4}.Release|Any CPU.Build.0 = Release|Any CPU
	EndGlobalSection
	GlobalSection(SolutionProperties) = preSolution
		HideSolutionNode = FALSE
	EndGlobalSection
	GlobalSection(CodealikeProperties) = postSolution
		SolutionGuid = c183d200-6321-4e18-ba77-e0c3622c862b
	EndGlobalSection
EndGlobal
