
Microsoft Visual Studio Solution File, Format Version 12.00
# Visual Studio 15
VisualStudioVersion = 15.0.28307.168
MinimumVisualStudioVersion = 10.0.40219.1
Project("{8BC9CEB8-8B4A-11D0-8D11-00A0C91BC942}") = "clawmon", "monitor\clawmon.vcxproj", "{BAF9FBEC-17EC-4130-ACF4-DCC99F0A0B75}"
EndProject
Project("{8BC9CEB8-8B4A-11D0-8D11-00A0C91BC942}") = "regmon", "regmon\regmon.vcxproj", "{D7F43C69-B455-492F-AF58-28AE14B24408}"
EndProject
Project("{8BC9CEB8-8B4A-11D0-8D11-00A0C91BC942}") = "clawmonui", "monitorUI\clawmonui.vcxproj", "{0437D45F-B95F-4A46-BFCA-5BBD77B8FBBC}"
EndProject
Project("{2150E333-8FDC-42A3-9474-1A3956D46DE8}") = "docs", "docs", "{4CD3B416-6278-46E1-8DB7-068F0E59C389}"
EndProject
Project("{2150E333-8FDC-42A3-9474-1A3956D46DE8}") = "images", "images", "{7DE20957-8751-4189-BF00-DBAE11BA4B1B}"
	ProjectSection(SolutionItems) = preProject
		docs\images\clawmonui.png = docs\images\clawmonui.png
	EndProjectSection
EndProject
Project("{2150E333-8FDC-42A3-9474-1A3956D46DE8}") = "issues", "issues", "{568EB799-34CE-4E95-83FA-3158C7CBD53A}"
EndProject
Project("{2150E333-8FDC-42A3-9474-1A3956D46DE8}") = "2", "2", "{2B0E97EC-026D-4143-9529-00D2B97D4534}"
	ProjectSection(SolutionItems) = preProject
		docs\issues\2\clawmon_FileToUserTemp.au3 = docs\issues\2\clawmon_FileToUserTemp.au3
		docs\issues\2\clawmon_FileToUserTemp.exe = docs\issues\2\clawmon_FileToUserTemp.exe
		docs\issues\2\config.PNG = docs\issues\2\config.PNG
		docs\issues\2\config_with_src_delete.PNG = docs\issues\2\config_with_src_delete.PNG
	EndProjectSection
EndProject
Global
	GlobalSection(SolutionConfigurationPlatforms) = preSolution
		Debug|Win32 = Debug|Win32
		Debug|x64 = Debug|x64
		Release|Win32 = Release|Win32
		Release|x64 = Release|x64
	EndGlobalSection
	GlobalSection(ProjectConfigurationPlatforms) = postSolution
		{BAF9FBEC-17EC-4130-ACF4-DCC99F0A0B75}.Debug|Win32.ActiveCfg = Debug|Win32
		{BAF9FBEC-17EC-4130-ACF4-DCC99F0A0B75}.Debug|Win32.Build.0 = Debug|Win32
		{BAF9FBEC-17EC-4130-ACF4-DCC99F0A0B75}.Debug|x64.ActiveCfg = Debug|x64
		{BAF9FBEC-17EC-4130-ACF4-DCC99F0A0B75}.Debug|x64.Build.0 = Debug|x64
		{BAF9FBEC-17EC-4130-ACF4-DCC99F0A0B75}.Release|Win32.ActiveCfg = Release|Win32
		{BAF9FBEC-17EC-4130-ACF4-DCC99F0A0B75}.Release|Win32.Build.0 = Release|Win32
		{BAF9FBEC-17EC-4130-ACF4-DCC99F0A0B75}.Release|x64.ActiveCfg = Release|x64
		{BAF9FBEC-17EC-4130-ACF4-DCC99F0A0B75}.Release|x64.Build.0 = Release|x64
		{D7F43C69-B455-492F-AF58-28AE14B24408}.Debug|Win32.ActiveCfg = Debug|Win32
		{D7F43C69-B455-492F-AF58-28AE14B24408}.Debug|Win32.Build.0 = Debug|Win32
		{D7F43C69-B455-492F-AF58-28AE14B24408}.Debug|x64.ActiveCfg = Debug|x64
		{D7F43C69-B455-492F-AF58-28AE14B24408}.Debug|x64.Build.0 = Debug|x64
		{D7F43C69-B455-492F-AF58-28AE14B24408}.Release|Win32.ActiveCfg = Release|Win32
		{D7F43C69-B455-492F-AF58-28AE14B24408}.Release|Win32.Build.0 = Release|Win32
		{D7F43C69-B455-492F-AF58-28AE14B24408}.Release|x64.ActiveCfg = Release|x64
		{D7F43C69-B455-492F-AF58-28AE14B24408}.Release|x64.Build.0 = Release|x64
		{0437D45F-B95F-4A46-BFCA-5BBD77B8FBBC}.Debug|Win32.ActiveCfg = Debug|Win32
		{0437D45F-B95F-4A46-BFCA-5BBD77B8FBBC}.Debug|Win32.Build.0 = Debug|Win32
		{0437D45F-B95F-4A46-BFCA-5BBD77B8FBBC}.Debug|x64.ActiveCfg = Debug|x64
		{0437D45F-B95F-4A46-BFCA-5BBD77B8FBBC}.Debug|x64.Build.0 = Debug|x64
		{0437D45F-B95F-4A46-BFCA-5BBD77B8FBBC}.Release|Win32.ActiveCfg = Release|Win32
		{0437D45F-B95F-4A46-BFCA-5BBD77B8FBBC}.Release|Win32.Build.0 = Release|Win32
		{0437D45F-B95F-4A46-BFCA-5BBD77B8FBBC}.Release|x64.ActiveCfg = Release|x64
		{0437D45F-B95F-4A46-BFCA-5BBD77B8FBBC}.Release|x64.Build.0 = Release|x64
	EndGlobalSection
	GlobalSection(SolutionProperties) = preSolution
		HideSolutionNode = FALSE
	EndGlobalSection
	GlobalSection(NestedProjects) = preSolution
		{7DE20957-8751-4189-BF00-DBAE11BA4B1B} = {4CD3B416-6278-46E1-8DB7-068F0E59C389}
		{568EB799-34CE-4E95-83FA-3158C7CBD53A} = {4CD3B416-6278-46E1-8DB7-068F0E59C389}
		{2B0E97EC-026D-4143-9529-00D2B97D4534} = {568EB799-34CE-4E95-83FA-3158C7CBD53A}
	EndGlobalSection
	GlobalSection(ExtensibilityGlobals) = postSolution
		SolutionGuid = {9E1EDC79-B996-4708-828F-773DA0A7AD09}
	EndGlobalSection
EndGlobal
